
Microsoft Visual Studio Solution File, Format Version 12.00
# Visual Studio Version 16
VisualStudioVersion = 16.0.31105.61
MinimumVisualStudioVersion = 10.0.40219.1
Project("{FAE04EC0-301F-11D3-BF4B-00C04F79EFBC}") = "AppONE", "AppONE.csproj", "{592C387E-3B91-457E-9BD1-B74A0185A1AA}"
EndProject
Global
	GlobalSection(SolutionConfigurationPlatforms) = preSolution
		Debug|Any CPU = Debug|Any CPU
		Release|Any CPU = Release|Any CPU
	EndGlobalSection
	GlobalSection(ProjectConfigurationPlatforms) = postSolution
		{592C387E-3B91-457E-9BD1-B74A0185A1AA}.Debug|Any CPU.ActiveCfg = Debug|Any CPU
		{592C387E-3B91-457E-9BD1-B74A0185A1AA}.Debug|Any CPU.Build.0 = Debug|Any CPU
		{592C387E-3B91-457E-9BD1-B74A0185A1AA}.Release|Any CPU.ActiveCfg = Release|Any CPU
		{592C387E-3B91-457E-9BD1-B74A0185A1AA}.Release|Any CPU.Build.0 = Release|Any CPU
	EndGlobalSection
	GlobalSection(SolutionProperties) = preSolution
		HideSolutionNode = FALSE
	EndGlobalSection
	GlobalSection(ExtensibilityGlobals) = postSolution
		SolutionGuid = {77149D4F-DB25-460F-9396-161DC5A83315}
	EndGlobalSection
EndGlobal
